<?xml version="1.0" encoding="utf-8"?>
<Project ToolsVersion="4.0" xmlns="http://schemas.microsoft.com/developer/msbuild/2003">
  <ItemGroup>
    <Filter Include="Source Files">
      <UniqueIdentifier>{8705cadd-ecf9-470c-bc2a-8f812bf7e09a}</UniqueIdentifier>
      <Extensions>cpp;c;cxx;rc;def;r;odl;idl;hpj;bat</Extensions>
    </Filter>
    <Filter Include="Header Files">
      <UniqueIdentifier>{1a2fa9db-1b71-4672-b25d-80ecd21592a3}</UniqueIdentifier>
      <Extensions>h;hpp;hxx;hm;inl</Extensions>
    </Filter>
    <Filter Include="Resource Files">
      <UniqueIdentifier>{0475f00d-a26d-4684-9ecb-e11a9a2adc81}</UniqueIdentifier>
      <Extensions>ico;cur;bmp;dlg;rc2;rct;bin;rgs;gif;jpg;jpeg;jpe</Extensions>
    </Filter>
  </ItemGroup>
  <ItemGroup>
    <ClCompile Include="alfabeta.cpp">
      <Filter>Source Files</Filter>
    </ClCompile>
    <ClCompile Include="piskcomp.cpp">
      <Filter>Source Files</Filter>
    </ClCompile>
    <ClCompile Include="pisktur.cpp">
      <Filter>Source Files</Filter>
    </ClCompile>
    <ClCompile Include="..\skelet_CPP\pisqpipe.cpp">
      <Filter>Source Files</Filter>
    </ClCompile>
  </ItemGroup>
  <ItemGroup>
    <ClInclude Include="board.h">
      <Filter>Header Files</Filter>
    </ClInclude>
    <ClInclude Include="..\skelet_CPP\pisqpipe.h">
      <Filter>Header Files</Filter>
    </ClInclude>
  </ItemGroup>
</Project>