<?xml version="1.0" encoding="utf-8"?>
<Project ToolsVersion="4.0" xmlns="http://schemas.microsoft.com/developer/msbuild/2003">
  <ItemGroup>
    <Filter Include="Source Files">
      <UniqueIdentifier>{cd633a42-3425-40e9-856a-e993f88ccf8d}</UniqueIdentifier>
      <Extensions>cpp;c;cxx;rc;def;r;odl;idl;hpj;bat</Extensions>
    </Filter>
    <Filter Include="Header Files">
      <UniqueIdentifier>{44348c04-29b6-4b4a-9a66-d6e6c100c4b8}</UniqueIdentifier>
      <Extensions>h;hpp;hxx;hm;inl</Extensions>
    </Filter>
    <Filter Include="Resource Files">
      <UniqueIdentifier>{94747861-71b5-4590-925d-3b7181bb3c5f}</UniqueIdentifier>
      <Extensions>ico;cur;bmp;dlg;rc2;rct;bin;rgs;gif;jpg;jpeg;jpe</Extensions>
    </Filter>
  </ItemGroup>
  <ItemGroup>
    <ClCompile Include="game.cpp">
      <Filter>Source Files</Filter>
    </ClCompile>
    <ClCompile Include="lang.cpp">
      <Filter>Source Files</Filter>
    </ClCompile>
    <ClCompile Include="netgame.cpp">
      <Filter>Source Files</Filter>
    </ClCompile>
    <ClCompile Include="nettur.cpp">
      <Filter>Source Files</Filter>
    </ClCompile>
    <ClCompile Include="PISKVORK.cpp">
      <Filter>Source Files</Filter>
    </ClCompile>
    <ClCompile Include="protocol.cpp">
      <Filter>Source Files</Filter>
    </ClCompile>
    <ClCompile Include="taskbarprogress.cpp">
      <Filter>Source Files</Filter>
    </ClCompile>
    <ClCompile Include="renju.cpp">
      <Filter>Source Files</Filter>
    </ClCompile>
  </ItemGroup>
  <ItemGroup>
    <ResourceCompile Include="Piskvork.rc">
      <Filter>Source Files</Filter>
    </ResourceCompile>
  </ItemGroup>
  <ItemGroup>
    <ClInclude Include="lang.h">
      <Filter>Header Files</Filter>
    </ClInclude>
    <ClInclude Include="piskvork.h">
      <Filter>Header Files</Filter>
    </ClInclude>
    <ClInclude Include="hdr.h">
      <Filter>Header Files</Filter>
    </ClInclude>
    <ClInclude Include="taskbarprogress.h">
      <Filter>Header Files</Filter>
    </ClInclude>
  </ItemGroup>
  <ItemGroup>
    <None Include="PISKVORK.ICO">
      <Filter>Resource Files</Filter>
    </None>
    <None Include="..\skins\pisq.bmp">
      <Filter>Resource Files</Filter>
    </None>
    <None Include="toolbar.bmp">
      <Filter>Resource Files</Filter>
    </None>
  </ItemGroup>
</Project>